
Microsoft Visual Studio Solution File, Format Version 12.00
# Visual Studio Version 17
VisualStudioVersion = 17.10.35013.160
MinimumVisualStudioVersion = 10.0.40219.1
Project("{FAE04EC0-301F-11D3-BF4B-00C04F79EFBC}") = "ArtGallery", "ArtGallery\ArtGallery.csproj", "{6207DBCE-B35D-4524-A1D8-8BD389491DEF}"
EndProject
Global
	GlobalSection(SolutionConfigurationPlatforms) = preSolution
		Debug|Any CPU = Debug|Any CPU
		Release|Any CPU = Release|Any CPU
	EndGlobalSection
	GlobalSection(ProjectConfigurationPlatforms) = postSolution
		{6207DBCE-B35D-4524-A1D8-8BD389491DEF}.Debug|Any CPU.ActiveCfg = Debug|Any CPU
		{6207DBCE-B35D-4524-A1D8-8BD389491DEF}.Debug|Any CPU.Build.0 = Debug|Any CPU
		{6207DBCE-B35D-4524-A1D8-8BD389491DEF}.Release|Any CPU.ActiveCfg = Release|Any CPU
		{6207DBCE-B35D-4524-A1D8-8BD389491DEF}.Release|Any CPU.Build.0 = Release|Any CPU
	EndGlobalSection
	GlobalSection(SolutionProperties) = preSolution
		HideSolutionNode = FALSE
	EndGlobalSection
	GlobalSection(ExtensibilityGlobals) = postSolution
		SolutionGuid = {7F8F94C5-1848-4E00-B909-259F6890D058}
	EndGlobalSection
EndGlobal
